{
  "name": "eventdbx",
  "version": "3.10.9",
  "lockfileVersion": 3,
  "requires": true,
  "packages": {
    "": {
      "name": "eventdbx",
      "version": "3.10.9",
      "cpu": [
        "x64",
        "arm64"
      ],
      "hasInstallScript": true,
      "license": "MIT",
      "os": [
        "darwin",
        "linux",
        "win32"
      ],
      "bin": {
        "dbx": "bin/dbx.js",
        "eventdbx": "bin/dbx.js"
      },
      "engines": {
        "node": ">=16"
      }
    }
  }
}
